
Microsoft Visual Studio Solution File, Format Version 12.00
# Visual Studio 15
VisualStudioVersion = 15.0.28307.902
MinimumVisualStudioVersion = 10.0.40219.1
Project("{9A19103F-16F7-4668-BE54-9A1E7A4F7556}") = "RestApi", "RestApi\RestApi.csproj", "{600FD57F-40CA-4E9D-B99F-5EF220470905}"
EndProject
Project("{FAE04EC0-301F-11D3-BF4B-00C04F79EFBC}") = "RestApiUnitTests", "RestApiUnitTests\RestApiUnitTests.csproj", "{377EF6CA-E44F-4C3A-87FE-EEF6F3A5DE39}"
EndProject
Global
	GlobalSection(SolutionConfigurationPlatforms) = preSolution
		Debug|Any CPU = Debug|Any CPU
		Release|Any CPU = Release|Any CPU
	EndGlobalSection
	GlobalSection(ProjectConfigurationPlatforms) = postSolution
		{600FD57F-40CA-4E9D-B99F-5EF220470905}.Debug|Any CPU.ActiveCfg = Debug|Any CPU
		{600FD57F-40CA-4E9D-B99F-5EF220470905}.Debug|Any CPU.Build.0 = Debug|Any CPU
		{600FD57F-40CA-4E9D-B99F-5EF220470905}.Release|Any CPU.ActiveCfg = Release|Any CPU
		{600FD57F-40CA-4E9D-B99F-5EF220470905}.Release|Any CPU.Build.0 = Release|Any CPU
		{377EF6CA-E44F-4C3A-87FE-EEF6F3A5DE39}.Debug|Any CPU.ActiveCfg = Debug|Any CPU
		{377EF6CA-E44F-4C3A-87FE-EEF6F3A5DE39}.Debug|Any CPU.Build.0 = Debug|Any CPU
		{377EF6CA-E44F-4C3A-87FE-EEF6F3A5DE39}.Release|Any CPU.ActiveCfg = Release|Any CPU
		{377EF6CA-E44F-4C3A-87FE-EEF6F3A5DE39}.Release|Any CPU.Build.0 = Release|Any CPU
	EndGlobalSection
	GlobalSection(SolutionProperties) = preSolution
		HideSolutionNode = FALSE
	EndGlobalSection
	GlobalSection(ExtensibilityGlobals) = postSolution
		SolutionGuid = {839D764E-B9B6-43CB-B108-AAA0C215BA36}
	EndGlobalSection
EndGlobal
